
Microsoft Visual Studio Solution File, Format Version 12.00
# Visual Studio Version 17
VisualStudioVersion = 17.7.34031.279
MinimumVisualStudioVersion = 10.0.40219.1
Project("{FAE04EC0-301F-11D3-BF4B-00C04F79EFBC}") = "tarea matrices", "tarea matrices\tarea matrices.csproj", "{3DFCD8FD-80C0-4402-A784-C0949C596C78}"
EndProject
Global
	GlobalSection(SolutionConfigurationPlatforms) = preSolution
		Debug|Any CPU = Debug|Any CPU
		Release|Any CPU = Release|Any CPU
	EndGlobalSection
	GlobalSection(ProjectConfigurationPlatforms) = postSolution
		{3DFCD8FD-80C0-4402-A784-C0949C596C78}.Debug|Any CPU.ActiveCfg = Debug|Any CPU
		{3DFCD8FD-80C0-4402-A784-C0949C596C78}.Debug|Any CPU.Build.0 = Debug|Any CPU
		{3DFCD8FD-80C0-4402-A784-C0949C596C78}.Release|Any CPU.ActiveCfg = Release|Any CPU
		{3DFCD8FD-80C0-4402-A784-C0949C596C78}.Release|Any CPU.Build.0 = Release|Any CPU
	EndGlobalSection
	GlobalSection(SolutionProperties) = preSolution
		HideSolutionNode = FALSE
	EndGlobalSection
	GlobalSection(ExtensibilityGlobals) = postSolution
		SolutionGuid = {ACDC4C2C-244A-49FF-A583-EECDCB7BFFB1}
	EndGlobalSection
EndGlobal
